
Microsoft Visual Studio Solution File, Format Version 12.00
# Visual Studio 15
VisualStudioVersion = 15.0.27428.2015
MinimumVisualStudioVersion = 10.0.40219.1
Project("{FAE04EC0-301F-11D3-BF4B-00C04F79EFBC}") = "SampleMFA.IdentityServer", "SampleMFA.IdentityServer\SampleMFA.IdentityServer.csproj", "{E1F6223D-B3DD-4B77-888B-FB0E531B0F11}"
EndProject
Global
	GlobalSection(SolutionConfigurationPlatforms) = preSolution
		Debug|Any CPU = Debug|Any CPU
		Release|Any CPU = Release|Any CPU
	EndGlobalSection
	GlobalSection(ProjectConfigurationPlatforms) = postSolution
		{E1F6223D-B3DD-4B77-888B-FB0E531B0F11}.Debug|Any CPU.ActiveCfg = Debug|Any CPU
		{E1F6223D-B3DD-4B77-888B-FB0E531B0F11}.Debug|Any CPU.Build.0 = Debug|Any CPU
		{E1F6223D-B3DD-4B77-888B-FB0E531B0F11}.Release|Any CPU.ActiveCfg = Release|Any CPU
		{E1F6223D-B3DD-4B77-888B-FB0E531B0F11}.Release|Any CPU.Build.0 = Release|Any CPU
	EndGlobalSection
	GlobalSection(SolutionProperties) = preSolution
		HideSolutionNode = FALSE
	EndGlobalSection
	GlobalSection(ExtensibilityGlobals) = postSolution
		SolutionGuid = {F786D400-1663-4103-888F-22F25F9B0E24}
	EndGlobalSection
EndGlobal
